
Microsoft Visual Studio Solution File, Format Version 12.00
# Visual Studio 15
VisualStudioVersion = 15.0.28307.438
MinimumVisualStudioVersion = 10.0.40219.1
Project("{FAE04EC0-301F-11D3-BF4B-00C04F79EFBC}") = "DEV-2", "DEV-2\DEV-2.csproj", "{6CD8AF50-DD66-4A3D-A74F-E376FBEE1004}"
EndProject
Global
	GlobalSection(SolutionConfigurationPlatforms) = preSolution
		Debug|Any CPU = Debug|Any CPU
		Release|Any CPU = Release|Any CPU
	EndGlobalSection
	GlobalSection(ProjectConfigurationPlatforms) = postSolution
		{6CD8AF50-DD66-4A3D-A74F-E376FBEE1004}.Debug|Any CPU.ActiveCfg = Debug|Any CPU
		{6CD8AF50-DD66-4A3D-A74F-E376FBEE1004}.Debug|Any CPU.Build.0 = Debug|Any CPU
		{6CD8AF50-DD66-4A3D-A74F-E376FBEE1004}.Release|Any CPU.ActiveCfg = Release|Any CPU
		{6CD8AF50-DD66-4A3D-A74F-E376FBEE1004}.Release|Any CPU.Build.0 = Release|Any CPU
	EndGlobalSection
	GlobalSection(SolutionProperties) = preSolution
		HideSolutionNode = FALSE
	EndGlobalSection
	GlobalSection(ExtensibilityGlobals) = postSolution
		SolutionGuid = {228692E0-0AA1-47AA-9FD8-2B9CEC10A329}
	EndGlobalSection
EndGlobal
